// !$*UTF8*$!
{
	archiveVersion = 1;
	classes = {
	};
	objectVersion = 46;
	objects = {

/* Begin PBXBuildFile section */
		BCD79E1F1C02F0A700944247 /* main.m in Sources */ = {isa = PBXBuildFile; fileRef = BCD79E1E1C02F0A700944247 /* main.m */; };
		BCD79E221C02F0A700944247 /* AppDelegate.m in Sources */ = {isa = PBXBuildFile; fileRef = BCD79E211C02F0A700944247 /* AppDelegate.m */; };
		BCD79E251C02F0A700944247 /* ViewController.m in Sources */ = {isa = PBXBuildFile; fileRef = BCD79E241C02F0A700944247 /* ViewController.m */; };
		BCD79E281C02F0A700944247 /* Main.storyboard in Resources */ = {isa = PBXBuildFile; fileRef = BCD79E261C02F0A700944247 /* Main.storyboard */; };
		BCD79E2A1C02F0A700944247 /* Assets.xcassets in Resources */ = {isa = PBXBuildFile; fileRef = BCD79E291C02F0A700944247 /* Assets.xcassets */; };
		BCD79E2D1C02F0A700944247 /* LaunchScreen.storyboard in Resources */ = {isa = PBXBuildFile; fileRef = BCD79E2B1C02F0A700944247 /* LaunchScreen.storyboard */; };
		BCD79E381C02F0A700944247 /* _015Tests.m in Sources */ = {isa = PBXBuildFile; fileRef = BCD79E371C02F0A700944247 /* _015Tests.m */; };
		BCD79E431C02F0A700944247 /* _015UITests.m in Sources */ = {isa = PBXBuildFile; fileRef = BCD79E421C02F0A700944247 /* _015UITests.m */; };
/* End PBXBuildFile section */

/* Begin PBXContainerItemProxy section */
		BCD79E341C02F0A700944247 /* PBXContainerItemProxy */ = {
			isa = PBXContainerItemProxy;
			containerPortal = BCD79E121C02F0A700944247 /* Project object */;
			proxyType = 1;
			remoteGlobalIDString = BCD79E191C02F0A700944247;
			remoteInfo = 2015;
		};
		BCD79E3F1C02F0A700944247 /* PBXContainerItemProxy */ = {
			isa = PBXContainerItemProxy;
			containerPortal = BCD79E121C02F0A700944247 /* Project object */;
			proxyType = 1;
			remoteGlobalIDString = BCD79E191C02F0A700944247;
			remoteInfo = 2015;
		};
/* End PBXContainerItemProxy section */

/* Begin PBXFileReference section */
		BCD79E1A1C02F0A700944247 /* 2015.app */ = {isa = PBXFileReference; explicitFileType = wrapper.application; includeInIndex = 0; path = 2015.app; sourceTree = BUILT_PRODUCTS_DIR; };
		BCD79E1E1C02F0A700944247 /* main.m */ = {isa = PBXFileReference; lastKnownFileType = sourcecode.c.objc; path = main.m; sourceTree = "<group>"; };
		BCD79E201C02F0A700944247 /* AppDelegate.h */ = {isa = PBXFileReference; lastKnownFileType = sourcecode.c.h; path = AppDelegate.h; sourceTree = "<group>"; };
		BCD79E211C02F0A700944247 /* AppDelegate.m */ = {isa = PBXFileReference; lastKnownFileType = sourcecode.c.objc; path = AppDelegate.m; sourceTree = "<group>"; };
		BCD79E231C02F0A700944247 /* ViewController.h */ = {isa = PBXFileReference; lastKnownFileType = sourcecode.c.h; path = ViewController.h; sourceTree = "<group>"; };
		BCD79E241C02F0A700944247 /* ViewController.m */ = {isa = PBXFileReference; lastKnownFileType = sourcecode.c.objc; path = ViewController.m; sourceTree = "<group>"; };
		BCD79E271C02F0A700944247 /* Base */ = {isa = PBXFileReference; lastKnownFileType = file.storyboard; name = Base; path = Base.lproj/Main.storyboard; sourceTree = "<group>"; };
		BCD79E291C02F0A700944247 /* Assets.xcassets */ = {isa = PBXFileReference; lastKnownFileType = folder.assetcatalog; path = Assets.xcassets; sourceTree = "<group>"; };
		BCD79E2C1C02F0A700944247 /* Base */ = {isa = PBXFileReference; lastKnownFileType = file.storyboard; name = Base; path = Base.lproj/LaunchScreen.storyboard; sourceTree = "<group>"; };
		BCD79E2E1C02F0A700944247 /* Info.plist */ = {isa = PBXFileReference; lastKnownFileType = text.plist.xml; path = Info.plist; sourceTree = "<group>"; };
		BCD79E331C02F0A700944247 /* 2015Tests.xctest */ = {isa = PBXFileReference; explicitFileType = wrapper.cfbundle; includeInIndex = 0; path = 2015Tests.xctest; sourceTree = BUILT_PRODUCTS_DIR; };
		BCD79E371C02F0A700944247 /* _015Tests.m */ = {isa = PBXFileReference; lastKnownFileType = sourcecode.c.objc; path = _015Tests.m; sourceTree = "<group>"; };
		BCD79E391C02F0A700944247 /* Info.plist */ = {isa = PBXFileReference; lastKnownFileType = text.plist.xml; path = Info.plist; sourceTree = "<group>"; };
		BCD79E3E1C02F0A700944247 /* 2015UITests.xctest */ = {isa = PBXFileReference; explicitFileType = wrapper.cfbundle; includeInIndex = 0; path = 2015UITests.xctest; sourceTree = BUILT_PRODUCTS_DIR; };
		BCD79E421C02F0A700944247 /* _015UITests.m */ = {isa = PBXFileReference; lastKnownFileType = sourcecode.c.objc; path = _015UITests.m; sourceTree = "<group>"; };
		BCD79E441C02F0A800944247 /* Info.plist */ = {isa = PBXFileReference; lastKnownFileType = text.plist.xml; path = Info.plist; sourceTree = "<group>"; };
/* End PBXFileReference section */

/* Begin PBXFrameworksBuildPhase section */
		BCD79E171C02F0A700944247 /* Frameworks */ = {
			isa = PBXFrameworksBuildPhase;
			buildActionMask = 2147483647;
			files = (
			);
			runOnlyForDeploymentPostprocessing = 0;
		};
		BCD79E301C02F0A700944247 /* Frameworks */ = {
			isa = PBXFrameworksBuildPhase;
			buildActionMask = 2147483647;
			files = (
			);
			runOnlyForDeploymentPostprocessing = 0;
		};
		BCD79E3B1C02F0A700944247 /* Frameworks */ = {
			isa = PBXFrameworksBuildPhase;
			buildActionMask = 2147483647;
			files = (
			);
			runOnlyForDeploymentPostprocessing = 0;
		};
/* End PBXFrameworksBuildPhase section */

/* Begin PBXGroup section */
		BCD79E111C02F0A700944247 = {
			isa = PBXGroup;
			children = (
				BCD79E1C1C02F0A700944247 /* 2015 */,
				BCD79E361C02F0A700944247 /* 2015Tests */,
				BCD79E411C02F0A700944247 /* 2015UITests */,
				BCD79E1B1C02F0A700944247 /* Products */,
			);
			sourceTree = "<group>";
		};
		BCD79E1B1C02F0A700944247 /* Products */ = {
			isa = PBXGroup;
			children = (
				BCD79E1A1C02F0A700944247 /* 2015.app */,
				BCD79E331C02F0A700944247 /* 2015Tests.xctest */,
				BCD79E3E1C02F0A700944247 /* 2015UITests.xctest */,
			);
			name = Products;
			sourceTree = "<group>";
		};
		BCD79E1C1C02F0A700944247 /* 2015 */ = {
			isa = PBXGroup;
			children = (
				BCD79E201C02F0A700944247 /* AppDelegate.h */,
				BCD79E211C02F0A700944247 /* AppDelegate.m */,
				BCD79E231C02F0A700944247 /* ViewController.h */,
				BCD79E241C02F0A700944247 /* ViewController.m */,
				BCD79E261C02F0A700944247 /* Main.storyboard */,
				BCD79E291C02F0A700944247 /* Assets.xcassets */,
				BCD79E2B1C02F0A700944247 /* LaunchScreen.storyboard */,
				BCD79E2E1C02F0A700944247 /* Info.plist */,
				BCD79E1D1C02F0A700944247 /* Supporting Files */,
			);
			path = 2015;
			sourceTree = "<group>";
		};
		BCD79E1D1C02F0A700944247 /* Supporting Files */ = {
			isa = PBXGroup;
			children = (
				BCD79E1E1C02F0A700944247 /* main.m */,
			);
			name = "Supporting Files";
			sourceTree = "<group>";
		};
		BCD79E361C02F0A700944247 /* 2015Tests */ = {
			isa = PBXGroup;
			children = (
				BCD79E371C02F0A700944247 /* _015Tests.m */,
				BCD79E391C02F0A700944247 /* Info.plist */,
			);
			path = 2015Tests;
			sourceTree = "<group>";
		};
		BCD79E411C02F0A700944247 /* 2015UITests */ = {
			isa = PBXGroup;
			children = (
				BCD79E421C02F0A700944247 /* _015UITests.m */,
				BCD79E441C02F0A800944247 /* Info.plist */,
			);
			path = 2015UITests;
			sourceTree = "<group>";
		};
/* End PBXGroup section */

/* Begin PBXNativeTarget section */
		BCD79E191C02F0A700944247 /* 2015 */ = {
			isa = PBXNativeTarget;
			buildConfigurationList = BCD79E471C02F0A800944247 /* Build configuration list for PBXNativeTarget "2015" */;
			buildPhases = (
				BCD79E161C02F0A700944247 /* Sources */,
				BCD79E171C02F0A700944247 /* Frameworks */,
				BCD79E181C02F0A700944247 /* Resources */,
			);
			buildRules = (
			);
			dependencies = (
			);
			name = 2015;
			productName = 2015;
			productReference = BCD79E1A1C02F0A700944247 /* 2015.app */;
			productType = "com.apple.product-type.application";
		};
		BCD79E321C02F0A700944247 /* 2015Tests */ = {
			isa = PBXNativeTarget;
			buildConfigurationList = BCD79E4A1C02F0A800944247 /* Build configuration list for PBXNativeTarget "2015Tests" */;
			buildPhases = (
				BCD79E2F1C02F0A700944247 /* Sources */,
				BCD79E301C02F0A700944247 /* Frameworks */,
				BCD79E311C02F0A700944247 /* Resources */,
			);
			buildRules = (
			);
			dependencies = (
				BCD79E351C02F0A700944247 /* PBXTargetDependency */,
			);
			name = 2015Tests;
			productName = 2015Tests;
			productReference = BCD79E331C02F0A700944247 /* 2015Tests.xctest */;
			productType = "com.apple.product-type.bundle.unit-test";
		};
		BCD79E3D1C02F0A700944247 /* 2015UITests */ = {
			isa = PBXNativeTarget;
			buildConfigurationList = BCD79E4D1C02F0A800944247 /* Build configuration list for PBXNativeTarget "2015UITests" */;
			buildPhases = (
				BCD79E3A1C02F0A700944247 /* Sources */,
				BCD79E3B1C02F0A700944247 /* Frameworks */,
				BCD79E3C1C02F0A700944247 /* Resources */,
			);
			buildRules = (
			);
			dependencies = (
				BCD79E401C02F0A700944247 /* PBXTargetDependency */,
			);
			name = 2015UITests;
			productName = 2015UITests;
			productReference = BCD79E3E1C02F0A700944247 /* 2015UITests.xctest */;
			productType = "com.apple.product-type.bundle.ui-testing";
		};
/* End PBXNativeTarget section */

/* Begin PBXProject section */
		BCD79E121C02F0A700944247 /* Project object */ = {
			isa = PBXProject;
			attributes = {
				LastUpgradeCheck = 0710;
				ORGANIZATIONNAME = "王洋";
				TargetAttributes = {
					BCD79E191C02F0A700944247 = {
						CreatedOnToolsVersion = 7.1;
					};
					BCD79E321C02F0A700944247 = {
						CreatedOnToolsVersion = 7.1;
						TestTargetID = BCD79E191C02F0A700944247;
					};
					BCD79E3D1C02F0A700944247 = {
						CreatedOnToolsVersion = 7.1;
						TestTargetID = BCD79E191C02F0A700944247;
					};
				};
			};
			buildConfigurationList = BCD79E151C02F0A700944247 /* Build configuration list for PBXProject "2015" */;
			compatibilityVersion = "Xcode 3.2";
			developmentRegion = English;
			hasScannedForEncodings = 0;
			knownRegions = (
				en,
				Base,
			);
			mainGroup = BCD79E111C02F0A700944247;
			productRefGroup = BCD79E1B1C02F0A700944247 /* Products */;
			projectDirPath = "";
			projectRoot = "";
			targets = (
				BCD79E191C02F0A700944247 /* 2015 */,
				BCD79E321C02F0A700944247 /* 2015Tests */,
				BCD79E3D1C02F0A700944247 /* 2015UITests */,
			);
		};
/* End PBXProject section */

/* Begin PBXResourcesBuildPhase section */
		BCD79E181C02F0A700944247 /* Resources */ = {
			isa = PBXResourcesBuildPhase;
			buildActionMask = 2147483647;
			files = (
				BCD79E2D1C02F0A700944247 /* LaunchScreen.storyboard in Resources */,
				BCD79E2A1C02F0A700944247 /* Assets.xcassets in Resources */,
				BCD79E281C02F0A700944247 /* Main.storyboard in Resources */,
			);
			runOnlyForDeploymentPostprocessing = 0;
		};
		BCD79E311C02F0A700944247 /* Resources */ = {
			isa = PBXResourcesBuildPhase;
			buildActionMask = 2147483647;
			files = (
			);
			runOnlyForDeploymentPostprocessing = 0;
		};
		BCD79E3C1C02F0A700944247 /* Resources */ = {
			isa = PBXResourcesBuildPhase;
			buildActionMask = 2147483647;
			files = (
			);
			runOnlyForDeploymentPostprocessing = 0;
		};
/* End PBXResourcesBuildPhase section */

/* Begin PBXSourcesBuildPhase section */
		BCD79E161C02F0A700944247 /* Sources */ = {
			isa = PBXSourcesBuildPhase;
			buildActionMask = 2147483647;
			files = (
				BCD79E251C02F0A700944247 /* ViewController.m in Sources */,
				BCD79E221C02F0A700944247 /* AppDelegate.m in Sources */,
				BCD79E1F1C02F0A700944247 /* main.m in Sources */,
			);
			runOnlyForDeploymentPostprocessing = 0;
		};
		BCD79E2F1C02F0A700944247 /* Sources */ = {
			isa = PBXSourcesBuildPhase;
			buildActionMask = 2147483647;
			files = (
				BCD79E381C02F0A700944247 /* _015Tests.m in Sources */,
			);
			runOnlyForDeploymentPostprocessing = 0;
		};
		BCD79E3A1C02F0A700944247 /* Sources */ = {
			isa = PBXSourcesBuildPhase;
			buildActionMask = 2147483647;
			files = (
				BCD79E431C02F0A700944247 /* _015UITests.m in Sources */,
			);
			runOnlyForDeploymentPostprocessing = 0;
		};
/* End PBXSourcesBuildPhase section */

/* Begin PBXTargetDependency section */
		BCD79E351C02F0A700944247 /* PBXTargetDependency */ = {
			isa = PBXTargetDependency;
			target = BCD79E191C02F0A700944247 /* 2015 */;
			targetProxy = BCD79E341C02F0A700944247 /* PBXContainerItemProxy */;
		};
		BCD79E401C02F0A700944247 /* PBXTargetDependency */ = {
			isa = PBXTargetDependency;
			target = BCD79E191C02F0A700944247 /* 2015 */;
			targetProxy = BCD79E3F1C02F0A700944247 /* PBXContainerItemProxy */;
		};
/* End PBXTargetDependency section */

/* Begin PBXVariantGroup section */
		BCD79E261C02F0A700944247 /* Main.storyboard */ = {
			isa = PBXVariantGroup;
			children = (
				BCD79E271C02F0A700944247 /* Base */,
			);
			name = Main.storyboard;
			sourceTree = "<group>";
		};
		BCD79E2B1C02F0A700944247 /* LaunchScreen.storyboard */ = {
			isa = PBXVariantGroup;
			children = (
				BCD79E2C1C02F0A700944247 /* Base */,
			);
			name = LaunchScreen.storyboard;
			sourceTree = "<group>";
		};
/* End PBXVariantGroup section */

/* Begin XCBuildConfiguration section */
		BCD79E451C02F0A800944247 /* Debug */ = {
			isa = XCBuildConfiguration;
			buildSettings = {
				ALWAYS_SEARCH_USER_PATHS = NO;
				CLANG_CXX_LANGUAGE_STANDARD = "gnu++0x";
				CLANG_CXX_LIBRARY = "libc++";
				CLANG_ENABLE_MODULES = YES;
				CLANG_ENABLE_OBJC_ARC = YES;
				CLANG_WARN_BOOL_CONVERSION = YES;
				CLANG_WARN_CONSTANT_CONVERSION = YES;
				CLANG_WARN_DIRECT_OBJC_ISA_USAGE = YES_ERROR;
				CLANG_WARN_EMPTY_BODY = YES;
				CLANG_WARN_ENUM_CONVERSION = YES;
				CLANG_WARN_INT_CONVERSION = YES;
				CLANG_WARN_OBJC_ROOT_CLASS = YES_ERROR;
				CLANG_WARN_UNREACHABLE_CODE = YES;
				CLANG_WARN__DUPLICATE_METHOD_MATCH = YES;
				"CODE_SIGN_IDENTITY[sdk=iphoneos*]" = "iPhone Developer";
				COPY_PHASE_STRIP = NO;
				DEBUG_INFORMATION_FORMAT = dwarf;
				ENABLE_STRICT_OBJC_MSGSEND = YES;
				ENABLE_TESTABILITY = YES;
				GCC_C_LANGUAGE_STANDARD = gnu99;
				GCC_DYNAMIC_NO_PIC = NO;
				GCC_NO_COMMON_BLOCKS = YES;
				GCC_OPTIMIZATION_LEVEL = 0;
				GCC_PREPROCESSOR_DEFINITIONS = (
					"DEBUG=1",
					"$(inherited)",
				);
				GCC_WARN_64_TO_32_BIT_CONVERSION = YES;
				GCC_WARN_ABOUT_RETURN_TYPE = YES_ERROR;
				GCC_WARN_UNDECLARED_SELECTOR = YES;
				GCC_WARN_UNINITIALIZED_AUTOS = YES_AGGRESSIVE;
				GCC_WARN_UNUSED_FUNCTION = YES;
				GCC_WARN_UNUSED_VARIABLE = YES;
				IPHONEOS_DEPLOYMENT_TARGET = 9.1;
				MTL_ENABLE_DEBUG_INFO = YES;
				ONLY_ACTIVE_ARCH = YES;
				SDKROOT = iphoneos;
			};
			name = Debug;
		};
		BCD79E461C02F0A800944247 /* Release */ = {
			isa = XCBuildConfiguration;
			buildSettings = {
				ALWAYS_SEARCH_USER_PATHS = NO;
				CLANG_CXX_LANGUAGE_STANDARD = "gnu++0x";
				CLANG_CXX_LIBRARY = "libc++";
				CLANG_ENABLE_MODULES = YES;
				CLANG_ENABLE_OBJC_ARC = YES;
				CLANG_WARN_BOOL_CONVERSION = YES;
				CLANG_WARN_CONSTANT_CONVERSION = YES;
				CLANG_WARN_DIRECT_OBJC_ISA_USAGE = YES_ERROR;
				CLANG_WARN_EMPTY_BODY = YES;
				CLANG_WARN_ENUM_CONVERSION = YES;
				CLANG_WARN_INT_CONVERSION = YES;
				CLANG_WARN_OBJC_ROOT_CLASS = YES_ERROR;
				CLANG_WARN_UNREACHABLE_CODE = YES;
				CLANG_WARN__DUPLICATE_METHOD_MATCH = YES;
				"CODE_SIGN_IDENTITY[sdk=iphoneos*]" = "iPhone Developer";
				COPY_PHASE_STRIP = NO;
				DEBUG_INFORMATION_FORMAT = "dwarf-with-dsym";
				ENABLE_NS_ASSERTIONS = NO;
				ENABLE_STRICT_OBJC_MSGSEND = YES;
				GCC_C_LANGUAGE_STANDARD = gnu99;
				GCC_NO_COMMON_BLOCKS = YES;
				GCC_WARN_64_TO_32_BIT_CONVERSION = YES;
				GCC_WARN_ABOUT_RETURN_TYPE = YES_ERROR;
				GCC_WARN_UNDECLARED_SELECTOR = YES;
				GCC_WARN_UNINITIALIZED_AUTOS = YES_AGGRESSIVE;
				GCC_WARN_UNUSED_FUNCTION = YES;
				GCC_WARN_UNUSED_VARIABLE = YES;
				IPHONEOS_DEPLOYMENT_TARGET = 9.1;
				MTL_ENABLE_DEBUG_INFO = NO;
				SDKROOT = iphoneos;
				VALIDATE_PRODUCT = YES;
			};
			name = Release;
		};
		BCD79E481C02F0A800944247 /* Debug */ = {
			isa = XCBuildConfiguration;
			buildSettings = {
				ASSETCATALOG_COMPILER_APPICON_NAME = AppIcon;
				INFOPLIST_FILE = 2015/Info.plist;
				LD_RUNPATH_SEARCH_PATHS = "$(inherited) @executable_path/Frameworks";
				PRODUCT_BUNDLE_IDENTIFIER = "com.wangyang.-015";
				PRODUCT_NAME = "$(TARGET_NAME)";
			};
			name = Debug;
		};
		BCD79E491C02F0A800944247 /* Release */ = {
			isa = XCBuildConfiguration;
			buildSettings = {
				ASSETCATALOG_COMPILER_APPICON_NAME = AppIcon;
				INFOPLIST_FILE = 2015/Info.plist;
				LD_RUNPATH_SEARCH_PATHS = "$(inherited) @executable_path/Frameworks";
				PRODUCT_BUNDLE_IDENTIFIER = "com.wangyang.-015";
				PRODUCT_NAME = "$(TARGET_NAME)";
			};
			name = Release;
		};
		BCD79E4B1C02F0A800944247 /* Debug */ = {
			isa = XCBuildConfiguration;
			buildSettings = {
				BUNDLE_LOADER = "$(TEST_HOST)";
				INFOPLIST_FILE = 2015Tests/Info.plist;
				LD_RUNPATH_SEARCH_PATHS = "$(inherited) @executable_path/Frameworks @loader_path/Frameworks";
				PRODUCT_BUNDLE_IDENTIFIER = "com.wangyang.-015Tests";
				PRODUCT_NAME = "$(TARGET_NAME)";
				TEST_HOST = "$(BUILT_PRODUCTS_DIR)/2015.app/2015";
			};
			name = Debug;
		};
		BCD79E4C1C02F0A800944247 /* Release */ = {
			isa = XCBuildConfiguration;
			buildSettings = {
				BUNDLE_LOADER = "$(TEST_HOST)";
				INFOPLIST_FILE = 2015Tests/Info.plist;
				LD_RUNPATH_SEARCH_PATHS = "$(inherited) @executable_path/Frameworks @loader_path/Frameworks";
				PRODUCT_BUNDLE_IDENTIFIER = "com.wangyang.-015Tests";
				PRODUCT_NAME = "$(TARGET_NAME)";
				TEST_HOST = "$(BUILT_PRODUCTS_DIR)/2015.app/2015";
			};
			name = Release;
		};
		BCD79E4E1C02F0A800944247 /* Debug */ = {
			isa = XCBuildConfiguration;
			buildSettings = {
				INFOPLIST_FILE = 2015UITests/Info.plist;
				LD_RUNPATH_SEARCH_PATHS = "$(inherited) @executable_path/Frameworks @loader_path/Frameworks";
				PRODUCT_BUNDLE_IDENTIFIER = "com.wangyang.-015UITests";
				PRODUCT_NAME = "$(TARGET_NAME)";
				TEST_TARGET_NAME = 2015;
				USES_XCTRUNNER = YES;
			};
			name = Debug;
		};
		BCD79E4F1C02F0A800944247 /* Release */ = {
			isa = XCBuildConfiguration;
			buildSettings = {
				INFOPLIST_FILE = 2015UITests/Info.plist;
				LD_RUNPATH_SEARCH_PATHS = "$(inherited) @executable_path/Frameworks @loader_path/Frameworks";
				PRODUCT_BUNDLE_IDENTIFIER = "com.wangyang.-015UITests";
				PRODUCT_NAME = "$(TARGET_NAME)";
				TEST_TARGET_NAME = 2015;
				USES_XCTRUNNER = YES;
			};
			name = Release;
		};
/* End XCBuildConfiguration section */

/* Begin XCConfigurationList section */
		BCD79E151C02F0A700944247 /* Build configuration list for PBXProject "2015" */ = {
			isa = XCConfigurationList;
			buildConfigurations = (
				BCD79E451C02F0A800944247 /* Debug */,
				BCD79E461C02F0A800944247 /* Release */,
			);
			defaultConfigurationIsVisible = 0;
			defaultConfigurationName = Release;
		};
		BCD79E471C02F0A800944247 /* Build configuration list for PBXNativeTarget "2015" */ = {
			isa = XCConfigurationList;
			buildConfigurations = (
				BCD79E481C02F0A800944247 /* Debug */,
				BCD79E491C02F0A800944247 /* Release */,
			);
			defaultConfigurationIsVisible = 0;
		};
		BCD79E4A1C02F0A800944247 /* Build configuration list for PBXNativeTarget "2015Tests" */ = {
			isa = XCConfigurationList;
			buildConfigurations = (
				BCD79E4B1C02F0A800944247 /* Debug */,
				BCD79E4C1C02F0A800944247 /* Release */,
			);
			defaultConfigurationIsVisible = 0;
		};
		BCD79E4D1C02F0A800944247 /* Build configuration list for PBXNativeTarget "2015UITests" */ = {
			isa = XCConfigurationList;
			buildConfigurations = (
				BCD79E4E1C02F0A800944247 /* Debug */,
				BCD79E4F1C02F0A800944247 /* Release */,
			);
			defaultConfigurationIsVisible = 0;
		};
/* End XCConfigurationList section */
	};
	rootObject = BCD79E121C02F0A700944247 /* Project object */;
}
